
Microsoft Visual Studio Solution File, Format Version 12.00
# Visual Studio Version 17
VisualStudioVersion = 17.5.33516.290
MinimumVisualStudioVersion = 10.0.40219.1
Project("{FAE04EC0-301F-11D3-BF4B-00C04F79EFBC}") = "NaiveBayesExample", "NaiveBayesExample.csproj", "{7D333A84-6420-4B33-85C8-F9A13FDB9415}"
EndProject
Global
	GlobalSection(SolutionConfigurationPlatforms) = preSolution
		Debug|Any CPU = Debug|Any CPU
		Release|Any CPU = Release|Any CPU
	EndGlobalSection
	GlobalSection(ProjectConfigurationPlatforms) = postSolution
		{7D333A84-6420-4B33-85C8-F9A13FDB9415}.Debug|Any CPU.ActiveCfg = Debug|Any CPU
		{7D333A84-6420-4B33-85C8-F9A13FDB9415}.Debug|Any CPU.Build.0 = Debug|Any CPU
		{7D333A84-6420-4B33-85C8-F9A13FDB9415}.Release|Any CPU.ActiveCfg = Release|Any CPU
		{7D333A84-6420-4B33-85C8-F9A13FDB9415}.Release|Any CPU.Build.0 = Release|Any CPU
	EndGlobalSection
	GlobalSection(SolutionProperties) = preSolution
		HideSolutionNode = FALSE
	EndGlobalSection
	GlobalSection(ExtensibilityGlobals) = postSolution
		SolutionGuid = {73E228B2-E44B-49EE-A263-24874F0BA842}
	EndGlobalSection
EndGlobal
